
Microsoft Visual Studio Solution File, Format Version 12.00
# Visual Studio Version 17
VisualStudioVersion = 17.0.31919.166
MinimumVisualStudioVersion = 10.0.40219.1
Project("{FAE04EC0-301F-11D3-BF4B-00C04F79EFBC}") = "Uygulama3_14122021", "Uygulama3_14122021.csproj", "{34577A38-FA81-4FF5-BE83-5121B6841EBE}"
EndProject
Global
	GlobalSection(SolutionConfigurationPlatforms) = preSolution
		Debug|Any CPU = Debug|Any CPU
		Release|Any CPU = Release|Any CPU
	EndGlobalSection
	GlobalSection(ProjectConfigurationPlatforms) = postSolution
		{34577A38-FA81-4FF5-BE83-5121B6841EBE}.Debug|Any CPU.ActiveCfg = Debug|Any CPU
		{34577A38-FA81-4FF5-BE83-5121B6841EBE}.Debug|Any CPU.Build.0 = Debug|Any CPU
		{34577A38-FA81-4FF5-BE83-5121B6841EBE}.Release|Any CPU.ActiveCfg = Release|Any CPU
		{34577A38-FA81-4FF5-BE83-5121B6841EBE}.Release|Any CPU.Build.0 = Release|Any CPU
	EndGlobalSection
	GlobalSection(SolutionProperties) = preSolution
		HideSolutionNode = FALSE
	EndGlobalSection
	GlobalSection(ExtensibilityGlobals) = postSolution
		SolutionGuid = {D87FA35E-0BE4-48C3-93F1-5EF81EB541C7}
	EndGlobalSection
EndGlobal
