
Microsoft Visual Studio Solution File, Format Version 12.00
# Visual Studio Version 17
VisualStudioVersion = 17.0.31919.166
MinimumVisualStudioVersion = 10.0.40219.1
Project("{FAE04EC0-301F-11D3-BF4B-00C04F79EFBC}") = "Uygulama4_131220221", "Uygulama4_131220221.csproj", "{F2F6AE42-47B5-4411-9652-4838F74C3C93}"
EndProject
Global
	GlobalSection(SolutionConfigurationPlatforms) = preSolution
		Debug|Any CPU = Debug|Any CPU
		Release|Any CPU = Release|Any CPU
	EndGlobalSection
	GlobalSection(ProjectConfigurationPlatforms) = postSolution
		{F2F6AE42-47B5-4411-9652-4838F74C3C93}.Debug|Any CPU.ActiveCfg = Debug|Any CPU
		{F2F6AE42-47B5-4411-9652-4838F74C3C93}.Debug|Any CPU.Build.0 = Debug|Any CPU
		{F2F6AE42-47B5-4411-9652-4838F74C3C93}.Release|Any CPU.ActiveCfg = Release|Any CPU
		{F2F6AE42-47B5-4411-9652-4838F74C3C93}.Release|Any CPU.Build.0 = Release|Any CPU
	EndGlobalSection
	GlobalSection(SolutionProperties) = preSolution
		HideSolutionNode = FALSE
	EndGlobalSection
	GlobalSection(ExtensibilityGlobals) = postSolution
		SolutionGuid = {567C424C-B579-4728-81B6-233D3F4E0416}
	EndGlobalSection
EndGlobal
