
Microsoft Visual Studio Solution File, Format Version 12.00
# Visual Studio Version 17
VisualStudioVersion = 17.0.31919.166
MinimumVisualStudioVersion = 10.0.40219.1
Project("{FAE04EC0-301F-11D3-BF4B-00C04F79EFBC}") = "Uygulama2_17122021_Form_Aritmetik", "Uygulama2_17122021_Form_Aritmetik.csproj", "{ECA414DA-1063-4542-9D4C-A83C1F9BD58A}"
EndProject
Global
	GlobalSection(SolutionConfigurationPlatforms) = preSolution
		Debug|Any CPU = Debug|Any CPU
		Release|Any CPU = Release|Any CPU
	EndGlobalSection
	GlobalSection(ProjectConfigurationPlatforms) = postSolution
		{ECA414DA-1063-4542-9D4C-A83C1F9BD58A}.Debug|Any CPU.ActiveCfg = Debug|Any CPU
		{ECA414DA-1063-4542-9D4C-A83C1F9BD58A}.Debug|Any CPU.Build.0 = Debug|Any CPU
		{ECA414DA-1063-4542-9D4C-A83C1F9BD58A}.Release|Any CPU.ActiveCfg = Release|Any CPU
		{ECA414DA-1063-4542-9D4C-A83C1F9BD58A}.Release|Any CPU.Build.0 = Release|Any CPU
	EndGlobalSection
	GlobalSection(SolutionProperties) = preSolution
		HideSolutionNode = FALSE
	EndGlobalSection
	GlobalSection(ExtensibilityGlobals) = postSolution
		SolutionGuid = {301BB25B-C17E-4583-AA46-8553F258F01E}
	EndGlobalSection
EndGlobal
