
Microsoft Visual Studio Solution File, Format Version 12.00
# Visual Studio Version 17
VisualStudioVersion = 17.0.31919.166
MinimumVisualStudioVersion = 10.0.40219.1
Project("{FAE04EC0-301F-11D3-BF4B-00C04F79EFBC}") = "Uygulama7_1312021", "Uygulama7_1312021.csproj", "{F13B25BE-D33C-4606-B9B2-0E06B3001121}"
EndProject
Global
	GlobalSection(SolutionConfigurationPlatforms) = preSolution
		Debug|Any CPU = Debug|Any CPU
		Release|Any CPU = Release|Any CPU
	EndGlobalSection
	GlobalSection(ProjectConfigurationPlatforms) = postSolution
		{F13B25BE-D33C-4606-B9B2-0E06B3001121}.Debug|Any CPU.ActiveCfg = Debug|Any CPU
		{F13B25BE-D33C-4606-B9B2-0E06B3001121}.Debug|Any CPU.Build.0 = Debug|Any CPU
		{F13B25BE-D33C-4606-B9B2-0E06B3001121}.Release|Any CPU.ActiveCfg = Release|Any CPU
		{F13B25BE-D33C-4606-B9B2-0E06B3001121}.Release|Any CPU.Build.0 = Release|Any CPU
	EndGlobalSection
	GlobalSection(SolutionProperties) = preSolution
		HideSolutionNode = FALSE
	EndGlobalSection
	GlobalSection(ExtensibilityGlobals) = postSolution
		SolutionGuid = {ECB63AA2-5840-44F1-8506-124331D0A5DD}
	EndGlobalSection
EndGlobal
