
Microsoft Visual Studio Solution File, Format Version 12.00
# Visual Studio Version 17
VisualStudioVersion = 17.0.31919.166
MinimumVisualStudioVersion = 10.0.40219.1
Project("{FAE04EC0-301F-11D3-BF4B-00C04F79EFBC}") = "Uygulama4_15122021_Hata_istisna", "Uygulama4_15122021_Hata_istisna.csproj", "{73F34045-3695-4EF3-8C06-A7A088C66AA2}"
EndProject
Global
	GlobalSection(SolutionConfigurationPlatforms) = preSolution
		Debug|Any CPU = Debug|Any CPU
		Release|Any CPU = Release|Any CPU
	EndGlobalSection
	GlobalSection(ProjectConfigurationPlatforms) = postSolution
		{73F34045-3695-4EF3-8C06-A7A088C66AA2}.Debug|Any CPU.ActiveCfg = Debug|Any CPU
		{73F34045-3695-4EF3-8C06-A7A088C66AA2}.Debug|Any CPU.Build.0 = Debug|Any CPU
		{73F34045-3695-4EF3-8C06-A7A088C66AA2}.Release|Any CPU.ActiveCfg = Release|Any CPU
		{73F34045-3695-4EF3-8C06-A7A088C66AA2}.Release|Any CPU.Build.0 = Release|Any CPU
	EndGlobalSection
	GlobalSection(SolutionProperties) = preSolution
		HideSolutionNode = FALSE
	EndGlobalSection
	GlobalSection(ExtensibilityGlobals) = postSolution
		SolutionGuid = {0926A373-2527-4F0D-B13E-3A4D4EA20898}
	EndGlobalSection
EndGlobal
