
Microsoft Visual Studio Solution File, Format Version 12.00
# Visual Studio Version 17
VisualStudioVersion = 17.0.31919.166
MinimumVisualStudioVersion = 10.0.40219.1
Project("{FAE04EC0-301F-11D3-BF4B-00C04F79EFBC}") = "Uygulama1_13122021", "Uygulama1_13122021.csproj", "{A99E12F2-DC04-45AA-A6C9-8301D023C80A}"
EndProject
Global
	GlobalSection(SolutionConfigurationPlatforms) = preSolution
		Debug|Any CPU = Debug|Any CPU
		Release|Any CPU = Release|Any CPU
	EndGlobalSection
	GlobalSection(ProjectConfigurationPlatforms) = postSolution
		{A99E12F2-DC04-45AA-A6C9-8301D023C80A}.Debug|Any CPU.ActiveCfg = Debug|Any CPU
		{A99E12F2-DC04-45AA-A6C9-8301D023C80A}.Debug|Any CPU.Build.0 = Debug|Any CPU
		{A99E12F2-DC04-45AA-A6C9-8301D023C80A}.Release|Any CPU.ActiveCfg = Release|Any CPU
		{A99E12F2-DC04-45AA-A6C9-8301D023C80A}.Release|Any CPU.Build.0 = Release|Any CPU
	EndGlobalSection
	GlobalSection(SolutionProperties) = preSolution
		HideSolutionNode = FALSE
	EndGlobalSection
	GlobalSection(ExtensibilityGlobals) = postSolution
		SolutionGuid = {CAA2ACC5-0921-45EC-88A3-6FF0CED90257}
	EndGlobalSection
EndGlobal
